// !$*UTF8*$!
{
	archiveVersion = 1;
	classes = {
	};
	objectVersion = 46;
	objects = {

/* Begin PBXBuildFile section */
		B6259E291CC81A1600FB53AF /* AppDelegate.swift in Sources */ = {isa = PBXBuildFile; fileRef = B6259E281CC81A1600FB53AF /* AppDelegate.swift */; };
		B6259E2E1CC81A1600FB53AF /* Main.storyboard in Resources */ = {isa = PBXBuildFile; fileRef = B6259E2C1CC81A1600FB53AF /* Main.storyboard */; };
		B6259E301CC81A1600FB53AF /* Assets.xcassets in Resources */ = {isa = PBXBuildFile; fileRef = B6259E2F1CC81A1600FB53AF /* Assets.xcassets */; };
		B6259E331CC81A1600FB53AF /* LaunchScreen.storyboard in Resources */ = {isa = PBXBuildFile; fileRef = B6259E311CC81A1600FB53AF /* LaunchScreen.storyboard */; };
		B6259E491CC81A1600FB53AF /* WiproUITests.swift in Sources */ = {isa = PBXBuildFile; fileRef = B6259E481CC81A1600FB53AF /* WiproUITests.swift */; };
		B6259E5B1CC81ADF00FB53AF /* City.swift in Sources */ = {isa = PBXBuildFile; fileRef = B6259E5A1CC81ADF00FB53AF /* City.swift */; };
		B6259E5D1CC81AE800FB53AF /* DataController.swift in Sources */ = {isa = PBXBuildFile; fileRef = B6259E5C1CC81AE800FB53AF /* DataController.swift */; };
		B6259E5F1CC81AF100FB53AF /* ErrorHandling.swift in Sources */ = {isa = PBXBuildFile; fileRef = B6259E5E1CC81AF100FB53AF /* ErrorHandling.swift */; };
		B6259E671CC81AFE00FB53AF /* ImageViewNetworkingExtensions.swift in Sources */ = {isa = PBXBuildFile; fileRef = B6259E601CC81AFE00FB53AF /* ImageViewNetworkingExtensions.swift */; };
		B6259E681CC81AFE00FB53AF /* NetworkErrorHandling.swift in Sources */ = {isa = PBXBuildFile; fileRef = B6259E611CC81AFE00FB53AF /* NetworkErrorHandling.swift */; };
		B6259E691CC81AFE00FB53AF /* NetworkingClient.swift in Sources */ = {isa = PBXBuildFile; fileRef = B6259E621CC81AFE00FB53AF /* NetworkingClient.swift */; };
		B6259E6A1CC81AFE00FB53AF /* NetworkingConfiguration.swift in Sources */ = {isa = PBXBuildFile; fileRef = B6259E631CC81AFE00FB53AF /* NetworkingConfiguration.swift */; };
		B6259E6B1CC81AFE00FB53AF /* Session.swift in Sources */ = {isa = PBXBuildFile; fileRef = B6259E641CC81AFE00FB53AF /* Session.swift */; };
		B6259E6C1CC81AFE00FB53AF /* SessionFactory.swift in Sources */ = {isa = PBXBuildFile; fileRef = B6259E651CC81AFE00FB53AF /* SessionFactory.swift */; };
		B6259E6D1CC81AFE00FB53AF /* StringNetworkingExtensions.swift in Sources */ = {isa = PBXBuildFile; fileRef = B6259E661CC81AFE00FB53AF /* StringNetworkingExtensions.swift */; };
		B6259E6F1CC81BF900FB53AF /* Weather.swift in Sources */ = {isa = PBXBuildFile; fileRef = B6259E6E1CC81BF900FB53AF /* Weather.swift */; };
		B6259E721CC820FD00FB53AF /* NSDateExtensions.swift in Sources */ = {isa = PBXBuildFile; fileRef = B6259E711CC820FD00FB53AF /* NSDateExtensions.swift */; };
		B6259E741CC82E2000FB53AF /* NSDateExtensionsTests.swift in Sources */ = {isa = PBXBuildFile; fileRef = B6259E731CC82E2000FB53AF /* NSDateExtensionsTests.swift */; };
		B6259E751CC82F2000FB53AF /* NSDateExtensions.swift in Sources */ = {isa = PBXBuildFile; fileRef = B6259E711CC820FD00FB53AF /* NSDateExtensions.swift */; };
		B6259E771CC8396D00FB53AF /* CoreLocation.framework in Frameworks */ = {isa = PBXBuildFile; fileRef = B6259E761CC8396D00FB53AF /* CoreLocation.framework */; };
		B65F707C1CCB92AB0062DCE4 /* WeatherLogicTests.swift in Sources */ = {isa = PBXBuildFile; fileRef = B65F707B1CCB92AB0062DCE4 /* WeatherLogicTests.swift */; };
		B65F707F1CCB936F0062DCE4 /* WeatherViewModel.swift in Sources */ = {isa = PBXBuildFile; fileRef = B65F707E1CCB936F0062DCE4 /* WeatherViewModel.swift */; };
		B65F70801CCB939B0062DCE4 /* WeatherViewModel.swift in Sources */ = {isa = PBXBuildFile; fileRef = B65F707E1CCB936F0062DCE4 /* WeatherViewModel.swift */; };
		B65F70881CCBBA340062DCE4 /* WeatherViewController.swift in Sources */ = {isa = PBXBuildFile; fileRef = B65F70871CCBBA340062DCE4 /* WeatherViewController.swift */; };
		B65F708A1CCBBC0E0062DCE4 /* WeatherViewRenderer.swift in Sources */ = {isa = PBXBuildFile; fileRef = B65F70891CCBBC0E0062DCE4 /* WeatherViewRenderer.swift */; };
		B65F708C1CCC1F100062DCE4 /* DataController.swift in Sources */ = {isa = PBXBuildFile; fileRef = B6259E5C1CC81AE800FB53AF /* DataController.swift */; };
		B65F708D1CCC20630062DCE4 /* Weather.swift in Sources */ = {isa = PBXBuildFile; fileRef = B6259E6E1CC81BF900FB53AF /* Weather.swift */; };
		B65F708E1CCC207A0062DCE4 /* City.swift in Sources */ = {isa = PBXBuildFile; fileRef = B6259E5A1CC81ADF00FB53AF /* City.swift */; };
		B65F70901CCD0A220062DCE4 /* WeatherCell.xib in Resources */ = {isa = PBXBuildFile; fileRef = B65F708F1CCD0A220062DCE4 /* WeatherCell.xib */; };
		B65F70921CCD0E050062DCE4 /* WeatherTableViewCell.swift in Sources */ = {isa = PBXBuildFile; fileRef = B65F70911CCD0E050062DCE4 /* WeatherTableViewCell.swift */; };
		B65F70931CCD145E0062DCE4 /* NetworkingClient.swift in Sources */ = {isa = PBXBuildFile; fileRef = B6259E621CC81AFE00FB53AF /* NetworkingClient.swift */; };
/* End PBXBuildFile section */

/* Begin PBXContainerItemProxy section */
		B6259E3A1CC81A1600FB53AF /* PBXContainerItemProxy */ = {
			isa = PBXContainerItemProxy;
			containerPortal = B6259E1D1CC81A1600FB53AF /* Project object */;
			proxyType = 1;
			remoteGlobalIDString = B6259E241CC81A1600FB53AF;
			remoteInfo = Wipro;
		};
		B6259E451CC81A1600FB53AF /* PBXContainerItemProxy */ = {
			isa = PBXContainerItemProxy;
			containerPortal = B6259E1D1CC81A1600FB53AF /* Project object */;
			proxyType = 1;
			remoteGlobalIDString = B6259E241CC81A1600FB53AF;
			remoteInfo = Wipro;
		};
/* End PBXContainerItemProxy section */

/* Begin PBXFileReference section */
		B6259E251CC81A1600FB53AF /* Wipro.app */ = {isa = PBXFileReference; explicitFileType = wrapper.application; includeInIndex = 0; path = Wipro.app; sourceTree = BUILT_PRODUCTS_DIR; };
		B6259E281CC81A1600FB53AF /* AppDelegate.swift */ = {isa = PBXFileReference; lastKnownFileType = sourcecode.swift; path = AppDelegate.swift; sourceTree = "<group>"; };
		B6259E2D1CC81A1600FB53AF /* Base */ = {isa = PBXFileReference; lastKnownFileType = file.storyboard; name = Base; path = Base.lproj/Main.storyboard; sourceTree = "<group>"; };
		B6259E2F1CC81A1600FB53AF /* Assets.xcassets */ = {isa = PBXFileReference; lastKnownFileType = folder.assetcatalog; path = Assets.xcassets; sourceTree = "<group>"; };
		B6259E321CC81A1600FB53AF /* Base */ = {isa = PBXFileReference; lastKnownFileType = file.storyboard; name = Base; path = Base.lproj/LaunchScreen.storyboard; sourceTree = "<group>"; };
		B6259E341CC81A1600FB53AF /* Info.plist */ = {isa = PBXFileReference; lastKnownFileType = text.plist.xml; path = Info.plist; sourceTree = "<group>"; };
		B6259E391CC81A1600FB53AF /* WiproTests.xctest */ = {isa = PBXFileReference; explicitFileType = wrapper.cfbundle; includeInIndex = 0; path = WiproTests.xctest; sourceTree = BUILT_PRODUCTS_DIR; };
		B6259E3F1CC81A1600FB53AF /* Info.plist */ = {isa = PBXFileReference; lastKnownFileType = text.plist.xml; path = Info.plist; sourceTree = "<group>"; };
		B6259E441CC81A1600FB53AF /* WiproUITests.xctest */ = {isa = PBXFileReference; explicitFileType = wrapper.cfbundle; includeInIndex = 0; path = WiproUITests.xctest; sourceTree = BUILT_PRODUCTS_DIR; };
		B6259E481CC81A1600FB53AF /* WiproUITests.swift */ = {isa = PBXFileReference; lastKnownFileType = sourcecode.swift; path = WiproUITests.swift; sourceTree = "<group>"; };
		B6259E4A1CC81A1600FB53AF /* Info.plist */ = {isa = PBXFileReference; lastKnownFileType = text.plist.xml; path = Info.plist; sourceTree = "<group>"; };
		B6259E5A1CC81ADF00FB53AF /* City.swift */ = {isa = PBXFileReference; fileEncoding = 4; lastKnownFileType = sourcecode.swift; name = City.swift; path = Models/City.swift; sourceTree = "<group>"; };
		B6259E5C1CC81AE800FB53AF /* DataController.swift */ = {isa = PBXFileReference; fileEncoding = 4; lastKnownFileType = sourcecode.swift; name = DataController.swift; path = DataControllers/DataController.swift; sourceTree = "<group>"; };
		B6259E5E1CC81AF100FB53AF /* ErrorHandling.swift */ = {isa = PBXFileReference; fileEncoding = 4; lastKnownFileType = sourcecode.swift; name = ErrorHandling.swift; path = ErrorHandling/ErrorHandling.swift; sourceTree = "<group>"; };
		B6259E601CC81AFE00FB53AF /* ImageViewNetworkingExtensions.swift */ = {isa = PBXFileReference; fileEncoding = 4; lastKnownFileType = sourcecode.swift; name = ImageViewNetworkingExtensions.swift; path = Networking/ImageViewNetworkingExtensions.swift; sourceTree = "<group>"; };
		B6259E611CC81AFE00FB53AF /* NetworkErrorHandling.swift */ = {isa = PBXFileReference; fileEncoding = 4; lastKnownFileType = sourcecode.swift; name = NetworkErrorHandling.swift; path = Networking/NetworkErrorHandling.swift; sourceTree = "<group>"; };
		B6259E621CC81AFE00FB53AF /* NetworkingClient.swift */ = {isa = PBXFileReference; fileEncoding = 4; lastKnownFileType = sourcecode.swift; name = NetworkingClient.swift; path = Networking/NetworkingClient.swift; sourceTree = "<group>"; };
		B6259E631CC81AFE00FB53AF /* NetworkingConfiguration.swift */ = {isa = PBXFileReference; fileEncoding = 4; lastKnownFileType = sourcecode.swift; name = NetworkingConfiguration.swift; path = Networking/NetworkingConfiguration.swift; sourceTree = "<group>"; };
		B6259E641CC81AFE00FB53AF /* Session.swift */ = {isa = PBXFileReference; fileEncoding = 4; lastKnownFileType = sourcecode.swift; name = Session.swift; path = Networking/Session.swift; sourceTree = "<group>"; };
		B6259E651CC81AFE00FB53AF /* SessionFactory.swift */ = {isa = PBXFileReference; fileEncoding = 4; lastKnownFileType = sourcecode.swift; name = SessionFactory.swift; path = Networking/SessionFactory.swift; sourceTree = "<group>"; };
		B6259E661CC81AFE00FB53AF /* StringNetworkingExtensions.swift */ = {isa = PBXFileReference; fileEncoding = 4; lastKnownFileType = sourcecode.swift; name = StringNetworkingExtensions.swift; path = Networking/StringNetworkingExtensions.swift; sourceTree = "<group>"; };
		B6259E6E1CC81BF900FB53AF /* Weather.swift */ = {isa = PBXFileReference; fileEncoding = 4; lastKnownFileType = sourcecode.swift; name = Weather.swift; path = Models/Weather.swift; sourceTree = "<group>"; };
		B6259E711CC820FD00FB53AF /* NSDateExtensions.swift */ = {isa = PBXFileReference; fileEncoding = 4; lastKnownFileType = sourcecode.swift; name = NSDateExtensions.swift; path = Extensions/NSDateExtensions.swift; sourceTree = "<group>"; };
		B6259E731CC82E2000FB53AF /* NSDateExtensionsTests.swift */ = {isa = PBXFileReference; fileEncoding = 4; lastKnownFileType = sourcecode.swift; path = NSDateExtensionsTests.swift; sourceTree = "<group>"; };
		B6259E761CC8396D00FB53AF /* CoreLocation.framework */ = {isa = PBXFileReference; lastKnownFileType = wrapper.framework; name = CoreLocation.framework; path = System/Library/Frameworks/CoreLocation.framework; sourceTree = SDKROOT; };
		B65F707B1CCB92AB0062DCE4 /* WeatherLogicTests.swift */ = {isa = PBXFileReference; fileEncoding = 4; lastKnownFileType = sourcecode.swift; path = WeatherLogicTests.swift; sourceTree = "<group>"; };
		B65F707E1CCB936F0062DCE4 /* WeatherViewModel.swift */ = {isa = PBXFileReference; fileEncoding = 4; lastKnownFileType = sourcecode.swift; name = WeatherViewModel.swift; path = Logic/WeatherViewModel.swift; sourceTree = "<group>"; };
		B65F70871CCBBA340062DCE4 /* WeatherViewController.swift */ = {isa = PBXFileReference; fileEncoding = 4; lastKnownFileType = sourcecode.swift; name = WeatherViewController.swift; path = ViewControllers/WeatherViewController.swift; sourceTree = "<group>"; };
		B65F70891CCBBC0E0062DCE4 /* WeatherViewRenderer.swift */ = {isa = PBXFileReference; fileEncoding = 4; lastKnownFileType = sourcecode.swift; name = WeatherViewRenderer.swift; path = ViewModel/WeatherViewRenderer.swift; sourceTree = "<group>"; };
		B65F708F1CCD0A220062DCE4 /* WeatherCell.xib */ = {isa = PBXFileReference; fileEncoding = 4; lastKnownFileType = file.xib; name = WeatherCell.xib; path = Views/WeatherCell.xib; sourceTree = "<group>"; };
		B65F70911CCD0E050062DCE4 /* WeatherTableViewCell.swift */ = {isa = PBXFileReference; fileEncoding = 4; lastKnownFileType = sourcecode.swift; name = WeatherTableViewCell.swift; path = Views/WeatherTableViewCell.swift; sourceTree = "<group>"; };
/* End PBXFileReference section */

/* Begin PBXFrameworksBuildPhase section */
		B6259E221CC81A1600FB53AF /* Frameworks */ = {
			isa = PBXFrameworksBuildPhase;
			buildActionMask = 2147483647;
			files = (
				B6259E771CC8396D00FB53AF /* CoreLocation.framework in Frameworks */,
			);
			runOnlyForDeploymentPostprocessing = 0;
		};
		B6259E361CC81A1600FB53AF /* Frameworks */ = {
			isa = PBXFrameworksBuildPhase;
			buildActionMask = 2147483647;
			files = (
			);
			runOnlyForDeploymentPostprocessing = 0;
		};
		B6259E411CC81A1600FB53AF /* Frameworks */ = {
			isa = PBXFrameworksBuildPhase;
			buildActionMask = 2147483647;
			files = (
			);
			runOnlyForDeploymentPostprocessing = 0;
		};
/* End PBXFrameworksBuildPhase section */

/* Begin PBXGroup section */
		B6259E1C1CC81A1600FB53AF = {
			isa = PBXGroup;
			children = (
				B6259E761CC8396D00FB53AF /* CoreLocation.framework */,
				B6259E271CC81A1600FB53AF /* Wipro */,
				B6259E3C1CC81A1600FB53AF /* WiproTests */,
				B6259E471CC81A1600FB53AF /* WiproUITests */,
				B6259E261CC81A1600FB53AF /* Products */,
			);
			sourceTree = "<group>";
		};
		B6259E261CC81A1600FB53AF /* Products */ = {
			isa = PBXGroup;
			children = (
				B6259E251CC81A1600FB53AF /* Wipro.app */,
				B6259E391CC81A1600FB53AF /* WiproTests.xctest */,
				B6259E441CC81A1600FB53AF /* WiproUITests.xctest */,
			);
			name = Products;
			sourceTree = "<group>";
		};
		B6259E271CC81A1600FB53AF /* Wipro */ = {
			isa = PBXGroup;
			children = (
				B65F708B1CCBC68D0062DCE4 /* Views */,
				B65F70821CCBB9950062DCE4 /* View Renderers */,
				B65F70811CCBB97A0062DCE4 /* View Controllers */,
				B65F707D1CCB93500062DCE4 /* Logic */,
				B6259E701CC820D600FB53AF /* Extensions */,
				B6259E591CC81AD100FB53AF /* Models */,
				B6259E581CC81AC700FB53AF /* Data Controllers */,
				B6259E571CC81AB300FB53AF /* Error Handling */,
				B6259E561CC81AAD00FB53AF /* Networking */,
				B6259E281CC81A1600FB53AF /* AppDelegate.swift */,
				B6259E2C1CC81A1600FB53AF /* Main.storyboard */,
				B6259E2F1CC81A1600FB53AF /* Assets.xcassets */,
				B6259E311CC81A1600FB53AF /* LaunchScreen.storyboard */,
				B6259E341CC81A1600FB53AF /* Info.plist */,
			);
			path = Wipro;
			sourceTree = "<group>";
		};
		B6259E3C1CC81A1600FB53AF /* WiproTests */ = {
			isa = PBXGroup;
			children = (
				B6259E3F1CC81A1600FB53AF /* Info.plist */,
				B6259E731CC82E2000FB53AF /* NSDateExtensionsTests.swift */,
				B65F707B1CCB92AB0062DCE4 /* WeatherLogicTests.swift */,
			);
			path = WiproTests;
			sourceTree = "<group>";
		};
		B6259E471CC81A1600FB53AF /* WiproUITests */ = {
			isa = PBXGroup;
			children = (
				B6259E481CC81A1600FB53AF /* WiproUITests.swift */,
				B6259E4A1CC81A1600FB53AF /* Info.plist */,
			);
			path = WiproUITests;
			sourceTree = "<group>";
		};
		B6259E561CC81AAD00FB53AF /* Networking */ = {
			isa = PBXGroup;
			children = (
				B6259E601CC81AFE00FB53AF /* ImageViewNetworkingExtensions.swift */,
				B6259E611CC81AFE00FB53AF /* NetworkErrorHandling.swift */,
				B6259E621CC81AFE00FB53AF /* NetworkingClient.swift */,
				B6259E631CC81AFE00FB53AF /* NetworkingConfiguration.swift */,
				B6259E641CC81AFE00FB53AF /* Session.swift */,
				B6259E651CC81AFE00FB53AF /* SessionFactory.swift */,
				B6259E661CC81AFE00FB53AF /* StringNetworkingExtensions.swift */,
			);
			name = Networking;
			sourceTree = "<group>";
		};
		B6259E571CC81AB300FB53AF /* Error Handling */ = {
			isa = PBXGroup;
			children = (
				B6259E5E1CC81AF100FB53AF /* ErrorHandling.swift */,
			);
			name = "Error Handling";
			sourceTree = "<group>";
		};
		B6259E581CC81AC700FB53AF /* Data Controllers */ = {
			isa = PBXGroup;
			children = (
				B6259E5C1CC81AE800FB53AF /* DataController.swift */,
			);
			name = "Data Controllers";
			sourceTree = "<group>";
		};
		B6259E591CC81AD100FB53AF /* Models */ = {
			isa = PBXGroup;
			children = (
				B6259E5A1CC81ADF00FB53AF /* City.swift */,
				B6259E6E1CC81BF900FB53AF /* Weather.swift */,
			);
			name = Models;
			sourceTree = "<group>";
		};
		B6259E701CC820D600FB53AF /* Extensions */ = {
			isa = PBXGroup;
			children = (
				B6259E711CC820FD00FB53AF /* NSDateExtensions.swift */,
			);
			name = Extensions;
			sourceTree = "<group>";
		};
		B65F707D1CCB93500062DCE4 /* Logic */ = {
			isa = PBXGroup;
			children = (
				B65F707E1CCB936F0062DCE4 /* WeatherViewModel.swift */,
			);
			name = Logic;
			sourceTree = "<group>";
		};
		B65F70811CCBB97A0062DCE4 /* View Controllers */ = {
			isa = PBXGroup;
			children = (
				B65F70871CCBBA340062DCE4 /* WeatherViewController.swift */,
			);
			name = "View Controllers";
			sourceTree = "<group>";
		};
		B65F70821CCBB9950062DCE4 /* View Renderers */ = {
			isa = PBXGroup;
			children = (
				B65F70891CCBBC0E0062DCE4 /* WeatherViewRenderer.swift */,
			);
			name = "View Renderers";
			sourceTree = "<group>";
		};
		B65F708B1CCBC68D0062DCE4 /* Views */ = {
			isa = PBXGroup;
			children = (
				B65F708F1CCD0A220062DCE4 /* WeatherCell.xib */,
				B65F70911CCD0E050062DCE4 /* WeatherTableViewCell.swift */,
			);
			name = Views;
			sourceTree = "<group>";
		};
/* End PBXGroup section */

/* Begin PBXNativeTarget section */
		B6259E241CC81A1600FB53AF /* Wipro */ = {
			isa = PBXNativeTarget;
			buildConfigurationList = B6259E4D1CC81A1600FB53AF /* Build configuration list for PBXNativeTarget "Wipro" */;
			buildPhases = (
				B6259E211CC81A1600FB53AF /* Sources */,
				B6259E221CC81A1600FB53AF /* Frameworks */,
				B6259E231CC81A1600FB53AF /* Resources */,
			);
			buildRules = (
			);
			dependencies = (
			);
			name = Wipro;
			productName = Wipro;
			productReference = B6259E251CC81A1600FB53AF /* Wipro.app */;
			productType = "com.apple.product-type.application";
		};
		B6259E381CC81A1600FB53AF /* WiproTests */ = {
			isa = PBXNativeTarget;
			buildConfigurationList = B6259E501CC81A1600FB53AF /* Build configuration list for PBXNativeTarget "WiproTests" */;
			buildPhases = (
				B6259E351CC81A1600FB53AF /* Sources */,
				B6259E361CC81A1600FB53AF /* Frameworks */,
				B6259E371CC81A1600FB53AF /* Resources */,
			);
			buildRules = (
			);
			dependencies = (
				B6259E3B1CC81A1600FB53AF /* PBXTargetDependency */,
			);
			name = WiproTests;
			productName = WiproTests;
			productReference = B6259E391CC81A1600FB53AF /* WiproTests.xctest */;
			productType = "com.apple.product-type.bundle.unit-test";
		};
		B6259E431CC81A1600FB53AF /* WiproUITests */ = {
			isa = PBXNativeTarget;
			buildConfigurationList = B6259E531CC81A1600FB53AF /* Build configuration list for PBXNativeTarget "WiproUITests" */;
			buildPhases = (
				B6259E401CC81A1600FB53AF /* Sources */,
				B6259E411CC81A1600FB53AF /* Frameworks */,
				B6259E421CC81A1600FB53AF /* Resources */,
			);
			buildRules = (
			);
			dependencies = (
				B6259E461CC81A1600FB53AF /* PBXTargetDependency */,
			);
			name = WiproUITests;
			productName = WiproUITests;
			productReference = B6259E441CC81A1600FB53AF /* WiproUITests.xctest */;
			productType = "com.apple.product-type.bundle.ui-testing";
		};
/* End PBXNativeTarget section */

/* Begin PBXProject section */
		B6259E1D1CC81A1600FB53AF /* Project object */ = {
			isa = PBXProject;
			attributes = {
				LastSwiftUpdateCheck = 0730;
				LastUpgradeCheck = 0730;
				ORGANIZATIONNAME = "Mladen Despotovic";
				TargetAttributes = {
					B6259E241CC81A1600FB53AF = {
						CreatedOnToolsVersion = 7.3;
						SystemCapabilities = {
							com.apple.BackgroundModes = {
								enabled = 0;
							};
						};
					};
					B6259E381CC81A1600FB53AF = {
						CreatedOnToolsVersion = 7.3;
						TestTargetID = B6259E241CC81A1600FB53AF;
					};
					B6259E431CC81A1600FB53AF = {
						CreatedOnToolsVersion = 7.3;
						TestTargetID = B6259E241CC81A1600FB53AF;
					};
				};
			};
			buildConfigurationList = B6259E201CC81A1600FB53AF /* Build configuration list for PBXProject "Wipro" */;
			compatibilityVersion = "Xcode 3.2";
			developmentRegion = English;
			hasScannedForEncodings = 0;
			knownRegions = (
				en,
				Base,
			);
			mainGroup = B6259E1C1CC81A1600FB53AF;
			productRefGroup = B6259E261CC81A1600FB53AF /* Products */;
			projectDirPath = "";
			projectRoot = "";
			targets = (
				B6259E241CC81A1600FB53AF /* Wipro */,
				B6259E381CC81A1600FB53AF /* WiproTests */,
				B6259E431CC81A1600FB53AF /* WiproUITests */,
			);
		};
/* End PBXProject section */

/* Begin PBXResourcesBuildPhase section */
		B6259E231CC81A1600FB53AF /* Resources */ = {
			isa = PBXResourcesBuildPhase;
			buildActionMask = 2147483647;
			files = (
				B65F70901CCD0A220062DCE4 /* WeatherCell.xib in Resources */,
				B6259E331CC81A1600FB53AF /* LaunchScreen.storyboard in Resources */,
				B6259E301CC81A1600FB53AF /* Assets.xcassets in Resources */,
				B6259E2E1CC81A1600FB53AF /* Main.storyboard in Resources */,
			);
			runOnlyForDeploymentPostprocessing = 0;
		};
		B6259E371CC81A1600FB53AF /* Resources */ = {
			isa = PBXResourcesBuildPhase;
			buildActionMask = 2147483647;
			files = (
			);
			runOnlyForDeploymentPostprocessing = 0;
		};
		B6259E421CC81A1600FB53AF /* Resources */ = {
			isa = PBXResourcesBuildPhase;
			buildActionMask = 2147483647;
			files = (
			);
			runOnlyForDeploymentPostprocessing = 0;
		};
/* End PBXResourcesBuildPhase section */

/* Begin PBXSourcesBuildPhase section */
		B6259E211CC81A1600FB53AF /* Sources */ = {
			isa = PBXSourcesBuildPhase;
			buildActionMask = 2147483647;
			files = (
				B6259E6D1CC81AFE00FB53AF /* StringNetworkingExtensions.swift in Sources */,
				B6259E6B1CC81AFE00FB53AF /* Session.swift in Sources */,
				B6259E691CC81AFE00FB53AF /* NetworkingClient.swift in Sources */,
				B6259E681CC81AFE00FB53AF /* NetworkErrorHandling.swift in Sources */,
				B6259E6C1CC81AFE00FB53AF /* SessionFactory.swift in Sources */,
				B65F70921CCD0E050062DCE4 /* WeatherTableViewCell.swift in Sources */,
				B6259E5D1CC81AE800FB53AF /* DataController.swift in Sources */,
				B65F70881CCBBA340062DCE4 /* WeatherViewController.swift in Sources */,
				B6259E6A1CC81AFE00FB53AF /* NetworkingConfiguration.swift in Sources */,
				B6259E721CC820FD00FB53AF /* NSDateExtensions.swift in Sources */,
				B6259E6F1CC81BF900FB53AF /* Weather.swift in Sources */,
				B65F708A1CCBBC0E0062DCE4 /* WeatherViewRenderer.swift in Sources */,
				B65F707F1CCB936F0062DCE4 /* WeatherViewModel.swift in Sources */,
				B6259E671CC81AFE00FB53AF /* ImageViewNetworkingExtensions.swift in Sources */,
				B6259E5F1CC81AF100FB53AF /* ErrorHandling.swift in Sources */,
				B6259E291CC81A1600FB53AF /* AppDelegate.swift in Sources */,
				B6259E5B1CC81ADF00FB53AF /* City.swift in Sources */,
			);
			runOnlyForDeploymentPostprocessing = 0;
		};
		B6259E351CC81A1600FB53AF /* Sources */ = {
			isa = PBXSourcesBuildPhase;
			buildActionMask = 2147483647;
			files = (
				B65F70931CCD145E0062DCE4 /* NetworkingClient.swift in Sources */,
				B65F708C1CCC1F100062DCE4 /* DataController.swift in Sources */,
				B6259E741CC82E2000FB53AF /* NSDateExtensionsTests.swift in Sources */,
				B6259E751CC82F2000FB53AF /* NSDateExtensions.swift in Sources */,
				B65F707C1CCB92AB0062DCE4 /* WeatherLogicTests.swift in Sources */,
				B65F708D1CCC20630062DCE4 /* Weather.swift in Sources */,
				B65F70801CCB939B0062DCE4 /* WeatherViewModel.swift in Sources */,
				B65F708E1CCC207A0062DCE4 /* City.swift in Sources */,
			);
			runOnlyForDeploymentPostprocessing = 0;
		};
		B6259E401CC81A1600FB53AF /* Sources */ = {
			isa = PBXSourcesBuildPhase;
			buildActionMask = 2147483647;
			files = (
				B6259E491CC81A1600FB53AF /* WiproUITests.swift in Sources */,
			);
			runOnlyForDeploymentPostprocessing = 0;
		};
/* End PBXSourcesBuildPhase section */

/* Begin PBXTargetDependency section */
		B6259E3B1CC81A1600FB53AF /* PBXTargetDependency */ = {
			isa = PBXTargetDependency;
			target = B6259E241CC81A1600FB53AF /* Wipro */;
			targetProxy = B6259E3A1CC81A1600FB53AF /* PBXContainerItemProxy */;
		};
		B6259E461CC81A1600FB53AF /* PBXTargetDependency */ = {
			isa = PBXTargetDependency;
			target = B6259E241CC81A1600FB53AF /* Wipro */;
			targetProxy = B6259E451CC81A1600FB53AF /* PBXContainerItemProxy */;
		};
/* End PBXTargetDependency section */

/* Begin PBXVariantGroup section */
		B6259E2C1CC81A1600FB53AF /* Main.storyboard */ = {
			isa = PBXVariantGroup;
			children = (
				B6259E2D1CC81A1600FB53AF /* Base */,
			);
			name = Main.storyboard;
			sourceTree = "<group>";
		};
		B6259E311CC81A1600FB53AF /* LaunchScreen.storyboard */ = {
			isa = PBXVariantGroup;
			children = (
				B6259E321CC81A1600FB53AF /* Base */,
			);
			name = LaunchScreen.storyboard;
			sourceTree = "<group>";
		};
/* End PBXVariantGroup section */

/* Begin XCBuildConfiguration section */
		B6259E4B1CC81A1600FB53AF /* Debug */ = {
			isa = XCBuildConfiguration;
			buildSettings = {
				ALWAYS_SEARCH_USER_PATHS = NO;
				CLANG_ANALYZER_NONNULL = YES;
				CLANG_CXX_LANGUAGE_STANDARD = "gnu++0x";
				CLANG_CXX_LIBRARY = "libc++";
				CLANG_ENABLE_MODULES = YES;
				CLANG_ENABLE_OBJC_ARC = YES;
				CLANG_WARN_BOOL_CONVERSION = YES;
				CLANG_WARN_CONSTANT_CONVERSION = YES;
				CLANG_WARN_DIRECT_OBJC_ISA_USAGE = YES_ERROR;
				CLANG_WARN_EMPTY_BODY = YES;
				CLANG_WARN_ENUM_CONVERSION = YES;
				CLANG_WARN_INT_CONVERSION = YES;
				CLANG_WARN_OBJC_ROOT_CLASS = YES_ERROR;
				CLANG_WARN_UNREACHABLE_CODE = YES;
				CLANG_WARN__DUPLICATE_METHOD_MATCH = YES;
				"CODE_SIGN_IDENTITY[sdk=iphoneos*]" = "iPhone Developer";
				COPY_PHASE_STRIP = NO;
				DEBUG_INFORMATION_FORMAT = dwarf;
				ENABLE_STRICT_OBJC_MSGSEND = YES;
				ENABLE_TESTABILITY = YES;
				GCC_C_LANGUAGE_STANDARD = gnu99;
				GCC_DYNAMIC_NO_PIC = NO;
				GCC_NO_COMMON_BLOCKS = YES;
				GCC_OPTIMIZATION_LEVEL = 0;
				GCC_PREPROCESSOR_DEFINITIONS = (
					"DEBUG=1",
					"$(inherited)",
				);
				GCC_WARN_64_TO_32_BIT_CONVERSION = YES;
				GCC_WARN_ABOUT_RETURN_TYPE = YES_ERROR;
				GCC_WARN_UNDECLARED_SELECTOR = YES;
				GCC_WARN_UNINITIALIZED_AUTOS = YES_AGGRESSIVE;
				GCC_WARN_UNUSED_FUNCTION = YES;
				GCC_WARN_UNUSED_VARIABLE = YES;
				IPHONEOS_DEPLOYMENT_TARGET = 9.3;
				MTL_ENABLE_DEBUG_INFO = YES;
				ONLY_ACTIVE_ARCH = YES;
				SDKROOT = iphoneos;
				SWIFT_OPTIMIZATION_LEVEL = "-Onone";
				TARGETED_DEVICE_FAMILY = "1,2";
			};
			name = Debug;
		};
		B6259E4C1CC81A1600FB53AF /* Release */ = {
			isa = XCBuildConfiguration;
			buildSettings = {
				ALWAYS_SEARCH_USER_PATHS = NO;
				CLANG_ANALYZER_NONNULL = YES;
				CLANG_CXX_LANGUAGE_STANDARD = "gnu++0x";
				CLANG_CXX_LIBRARY = "libc++";
				CLANG_ENABLE_MODULES = YES;
				CLANG_ENABLE_OBJC_ARC = YES;
				CLANG_WARN_BOOL_CONVERSION = YES;
				CLANG_WARN_CONSTANT_CONVERSION = YES;
				CLANG_WARN_DIRECT_OBJC_ISA_USAGE = YES_ERROR;
				CLANG_WARN_EMPTY_BODY = YES;
				CLANG_WARN_ENUM_CONVERSION = YES;
				CLANG_WARN_INT_CONVERSION = YES;
				CLANG_WARN_OBJC_ROOT_CLASS = YES_ERROR;
				CLANG_WARN_UNREACHABLE_CODE = YES;
				CLANG_WARN__DUPLICATE_METHOD_MATCH = YES;
				"CODE_SIGN_IDENTITY[sdk=iphoneos*]" = "iPhone Developer";
				COPY_PHASE_STRIP = NO;
				DEBUG_INFORMATION_FORMAT = "dwarf-with-dsym";
				ENABLE_NS_ASSERTIONS = NO;
				ENABLE_STRICT_OBJC_MSGSEND = YES;
				GCC_C_LANGUAGE_STANDARD = gnu99;
				GCC_NO_COMMON_BLOCKS = YES;
				GCC_WARN_64_TO_32_BIT_CONVERSION = YES;
				GCC_WARN_ABOUT_RETURN_TYPE = YES_ERROR;
				GCC_WARN_UNDECLARED_SELECTOR = YES;
				GCC_WARN_UNINITIALIZED_AUTOS = YES_AGGRESSIVE;
				GCC_WARN_UNUSED_FUNCTION = YES;
				GCC_WARN_UNUSED_VARIABLE = YES;
				IPHONEOS_DEPLOYMENT_TARGET = 9.3;
				MTL_ENABLE_DEBUG_INFO = NO;
				SDKROOT = iphoneos;
				TARGETED_DEVICE_FAMILY = "1,2";
				VALIDATE_PRODUCT = YES;
			};
			name = Release;
		};
		B6259E4E1CC81A1600FB53AF /* Debug */ = {
			isa = XCBuildConfiguration;
			buildSettings = {
				ASSETCATALOG_COMPILER_APPICON_NAME = AppIcon;
				INFOPLIST_FILE = Wipro/Info.plist;
				LD_RUNPATH_SEARCH_PATHS = "$(inherited) @executable_path/Frameworks";
				PRODUCT_BUNDLE_IDENTIFIER = "Spindata-d.o.o..Wipro";
				PRODUCT_NAME = "$(TARGET_NAME)";
			};
			name = Debug;
		};
		B6259E4F1CC81A1600FB53AF /* Release */ = {
			isa = XCBuildConfiguration;
			buildSettings = {
				ASSETCATALOG_COMPILER_APPICON_NAME = AppIcon;
				INFOPLIST_FILE = Wipro/Info.plist;
				LD_RUNPATH_SEARCH_PATHS = "$(inherited) @executable_path/Frameworks";
				PRODUCT_BUNDLE_IDENTIFIER = "Spindata-d.o.o..Wipro";
				PRODUCT_NAME = "$(TARGET_NAME)";
			};
			name = Release;
		};
		B6259E511CC81A1600FB53AF /* Debug */ = {
			isa = XCBuildConfiguration;
			buildSettings = {
				BUNDLE_LOADER = "$(TEST_HOST)";
				INFOPLIST_FILE = WiproTests/Info.plist;
				LD_RUNPATH_SEARCH_PATHS = "$(inherited) @executable_path/Frameworks @loader_path/Frameworks";
				PRODUCT_BUNDLE_IDENTIFIER = "Spindata-d.o.o..WiproTests";
				PRODUCT_NAME = "$(TARGET_NAME)";
				TEST_HOST = "$(BUILT_PRODUCTS_DIR)/Wipro.app/Wipro";
			};
			name = Debug;
		};
		B6259E521CC81A1600FB53AF /* Release */ = {
			isa = XCBuildConfiguration;
			buildSettings = {
				BUNDLE_LOADER = "$(TEST_HOST)";
				INFOPLIST_FILE = WiproTests/Info.plist;
				LD_RUNPATH_SEARCH_PATHS = "$(inherited) @executable_path/Frameworks @loader_path/Frameworks";
				PRODUCT_BUNDLE_IDENTIFIER = "Spindata-d.o.o..WiproTests";
				PRODUCT_NAME = "$(TARGET_NAME)";
				TEST_HOST = "$(BUILT_PRODUCTS_DIR)/Wipro.app/Wipro";
			};
			name = Release;
		};
		B6259E541CC81A1600FB53AF /* Debug */ = {
			isa = XCBuildConfiguration;
			buildSettings = {
				INFOPLIST_FILE = WiproUITests/Info.plist;
				LD_RUNPATH_SEARCH_PATHS = "$(inherited) @executable_path/Frameworks @loader_path/Frameworks";
				PRODUCT_BUNDLE_IDENTIFIER = "Spindata-d.o.o..WiproUITests";
				PRODUCT_NAME = "$(TARGET_NAME)";
				TEST_TARGET_NAME = Wipro;
			};
			name = Debug;
		};
		B6259E551CC81A1600FB53AF /* Release */ = {
			isa = XCBuildConfiguration;
			buildSettings = {
				INFOPLIST_FILE = WiproUITests/Info.plist;
				LD_RUNPATH_SEARCH_PATHS = "$(inherited) @executable_path/Frameworks @loader_path/Frameworks";
				PRODUCT_BUNDLE_IDENTIFIER = "Spindata-d.o.o..WiproUITests";
				PRODUCT_NAME = "$(TARGET_NAME)";
				TEST_TARGET_NAME = Wipro;
			};
			name = Release;
		};
/* End XCBuildConfiguration section */

/* Begin XCConfigurationList section */
		B6259E201CC81A1600FB53AF /* Build configuration list for PBXProject "Wipro" */ = {
			isa = XCConfigurationList;
			buildConfigurations = (
				B6259E4B1CC81A1600FB53AF /* Debug */,
				B6259E4C1CC81A1600FB53AF /* Release */,
			);
			defaultConfigurationIsVisible = 0;
			defaultConfigurationName = Release;
		};
		B6259E4D1CC81A1600FB53AF /* Build configuration list for PBXNativeTarget "Wipro" */ = {
			isa = XCConfigurationList;
			buildConfigurations = (
				B6259E4E1CC81A1600FB53AF /* Debug */,
				B6259E4F1CC81A1600FB53AF /* Release */,
			);
			defaultConfigurationIsVisible = 0;
			defaultConfigurationName = Release;
		};
		B6259E501CC81A1600FB53AF /* Build configuration list for PBXNativeTarget "WiproTests" */ = {
			isa = XCConfigurationList;
			buildConfigurations = (
				B6259E511CC81A1600FB53AF /* Debug */,
				B6259E521CC81A1600FB53AF /* Release */,
			);
			defaultConfigurationIsVisible = 0;
			defaultConfigurationName = Release;
		};
		B6259E531CC81A1600FB53AF /* Build configuration list for PBXNativeTarget "WiproUITests" */ = {
			isa = XCConfigurationList;
			buildConfigurations = (
				B6259E541CC81A1600FB53AF /* Debug */,
				B6259E551CC81A1600FB53AF /* Release */,
			);
			defaultConfigurationIsVisible = 0;
			defaultConfigurationName = Release;
		};
/* End XCConfigurationList section */
	};
	rootObject = B6259E1D1CC81A1600FB53AF /* Project object */;
}
